// !$*UTF8*$!
{
	archiveVersion = 1;
	classes = {
	};
	objectVersion = 46;
	objects = {

/* Begin PBXBuildFile section */
		8B09B1F118BBC23900E25AE0 /* Foundation.framework in Frameworks */ = {isa = PBXBuildFile; fileRef = 8B09B1F018BBC23900E25AE0 /* Foundation.framework */; };
		8B09B1F318BBC23900E25AE0 /* CoreGraphics.framework in Frameworks */ = {isa = PBXBuildFile; fileRef = 8B09B1F218BBC23900E25AE0 /* CoreGraphics.framework */; };
		8B09B1F518BBC23900E25AE0 /* UIKit.framework in Frameworks */ = {isa = PBXBuildFile; fileRef = 8B09B1F418BBC23900E25AE0 /* UIKit.framework */; };
		8B09B1FB18BBC23900E25AE0 /* InfoPlist.strings in Resources */ = {isa = PBXBuildFile; fileRef = 8B09B1F918BBC23900E25AE0 /* InfoPlist.strings */; };
		8B09B1FD18BBC23900E25AE0 /* main.m in Sources */ = {isa = PBXBuildFile; fileRef = 8B09B1FC18BBC23900E25AE0 /* main.m */; };
		8B09B20118BBC23900E25AE0 /* AppDelegate.m in Sources */ = {isa = PBXBuildFile; fileRef = 8B09B20018BBC23900E25AE0 /* AppDelegate.m */; };
		8B09B20418BBC23900E25AE0 /* Main.storyboard in Resources */ = {isa = PBXBuildFile; fileRef = 8B09B20218BBC23900E25AE0 /* Main.storyboard */; };
		8B09B20918BBC23900E25AE0 /* Images.xcassets in Resources */ = {isa = PBXBuildFile; fileRef = 8B09B20818BBC23900E25AE0 /* Images.xcassets */; };
		8B09B21018BBC23900E25AE0 /* XCTest.framework in Frameworks */ = {isa = PBXBuildFile; fileRef = 8B09B20F18BBC23900E25AE0 /* XCTest.framework */; };
		8B09B21118BBC23900E25AE0 /* Foundation.framework in Frameworks */ = {isa = PBXBuildFile; fileRef = 8B09B1F018BBC23900E25AE0 /* Foundation.framework */; };
		8B09B21218BBC23900E25AE0 /* UIKit.framework in Frameworks */ = {isa = PBXBuildFile; fileRef = 8B09B1F418BBC23900E25AE0 /* UIKit.framework */; };
		8B09B21A18BBC23900E25AE0 /* InfoPlist.strings in Resources */ = {isa = PBXBuildFile; fileRef = 8B09B21818BBC23900E25AE0 /* InfoPlist.strings */; };
		8B09B21C18BBC23900E25AE0 /* App_Partner_iOS_Development_TestTests.m in Sources */ = {isa = PBXBuildFile; fileRef = 8B09B21B18BBC23900E25AE0 /* App_Partner_iOS_Development_TestTests.m */; };
		8B14807418BEAD1B00425C8E /* FacebookCell.m in Sources */ = {isa = PBXBuildFile; fileRef = 8B14807318BEAD1B00425C8E /* FacebookCell.m */; };
		8B14807618BEB45900425C8E /* AVFoundation.framework in Frameworks */ = {isa = PBXBuildFile; fileRef = 8B14807518BEB45900425C8E /* AVFoundation.framework */; };
		8B14807818BEB5FA00425C8E /* Linus and Lucy.mp3 in Resources */ = {isa = PBXBuildFile; fileRef = 8B14807718BEB5FA00425C8E /* Linus and Lucy.mp3 */; };
		8B6C1F7A18BE67CC0036BB79 /* AnimationViewController.m in Sources */ = {isa = PBXBuildFile; fileRef = 8B6C1F7918BE67CC0036BB79 /* AnimationViewController.m */; };
		8B6C1F7D18BE68190036BB79 /* ServerPingViewController.m in Sources */ = {isa = PBXBuildFile; fileRef = 8B6C1F7C18BE68190036BB79 /* ServerPingViewController.m */; };
		8B6C1F8018BE68640036BB79 /* FacebookViewController.m in Sources */ = {isa = PBXBuildFile; fileRef = 8B6C1F7F18BE68640036BB79 /* FacebookViewController.m */; };
		8B8D5AF518BFC48C00AF5FEA /* QuartzCore.framework in Frameworks */ = {isa = PBXBuildFile; fileRef = 8B8D5AF418BFC48C00AF5FEA /* QuartzCore.framework */; };
		8BC1618D18BBE35500746859 /* MainMenuViewController.m in Sources */ = {isa = PBXBuildFile; fileRef = 8BC1618C18BBE35500746859 /* MainMenuViewController.m */; };
		8BF7D41C18C126EB00EE5C45 /* CoreMotion.framework in Frameworks */ = {isa = PBXBuildFile; fileRef = 8BF7D41B18C126EB00EE5C45 /* CoreMotion.framework */; };
/* End PBXBuildFile section */

/* Begin PBXContainerItemProxy section */
		8B09B21318BBC23900E25AE0 /* PBXContainerItemProxy */ = {
			isa = PBXContainerItemProxy;
			containerPortal = 8B09B1E518BBC23900E25AE0 /* Project object */;
			proxyType = 1;
			remoteGlobalIDString = 8B09B1EC18BBC23900E25AE0;
			remoteInfo = "App Partner iOS Development Test";
		};
/* End PBXContainerItemProxy section */

/* Begin PBXFileReference section */
		8B09B1ED18BBC23900E25AE0 /* App Partner iOS Development Test.app */ = {isa = PBXFileReference; explicitFileType = wrapper.application; includeInIndex = 0; path = "App Partner iOS Development Test.app"; sourceTree = BUILT_PRODUCTS_DIR; };
		8B09B1F018BBC23900E25AE0 /* Foundation.framework */ = {isa = PBXFileReference; lastKnownFileType = wrapper.framework; name = Foundation.framework; path = System/Library/Frameworks/Foundation.framework; sourceTree = SDKROOT; };
		8B09B1F218BBC23900E25AE0 /* CoreGraphics.framework */ = {isa = PBXFileReference; lastKnownFileType = wrapper.framework; name = CoreGraphics.framework; path = System/Library/Frameworks/CoreGraphics.framework; sourceTree = SDKROOT; };
		8B09B1F418BBC23900E25AE0 /* UIKit.framework */ = {isa = PBXFileReference; lastKnownFileType = wrapper.framework; name = UIKit.framework; path = System/Library/Frameworks/UIKit.framework; sourceTree = SDKROOT; };
		8B09B1F818BBC23900E25AE0 /* App Partner iOS Development Test-Info.plist */ = {isa = PBXFileReference; lastKnownFileType = text.plist.xml; path = "App Partner iOS Development Test-Info.plist"; sourceTree = "<group>"; };
		8B09B1FA18BBC23900E25AE0 /* en */ = {isa = PBXFileReference; lastKnownFileType = text.plist.strings; name = en; path = en.lproj/InfoPlist.strings; sourceTree = "<group>"; };
		8B09B1FC18BBC23900E25AE0 /* main.m */ = {isa = PBXFileReference; lastKnownFileType = sourcecode.c.objc; path = main.m; sourceTree = "<group>"; };
		8B09B1FE18BBC23900E25AE0 /* App Partner iOS Development Test-Prefix.pch */ = {isa = PBXFileReference; lastKnownFileType = sourcecode.c.h; path = "App Partner iOS Development Test-Prefix.pch"; sourceTree = "<group>"; };
		8B09B1FF18BBC23900E25AE0 /* AppDelegate.h */ = {isa = PBXFileReference; lastKnownFileType = sourcecode.c.h; path = AppDelegate.h; sourceTree = "<group>"; };
		8B09B20018BBC23900E25AE0 /* AppDelegate.m */ = {isa = PBXFileReference; lastKnownFileType = sourcecode.c.objc; path = AppDelegate.m; sourceTree = "<group>"; };
		8B09B20318BBC23900E25AE0 /* Base */ = {isa = PBXFileReference; lastKnownFileType = file.storyboard; name = Base; path = Base.lproj/Main.storyboard; sourceTree = "<group>"; };
		8B09B20818BBC23900E25AE0 /* Images.xcassets */ = {isa = PBXFileReference; lastKnownFileType = folder.assetcatalog; path = Images.xcassets; sourceTree = "<group>"; };
		8B09B20E18BBC23900E25AE0 /* App Partner iOS Development TestTests.xctest */ = {isa = PBXFileReference; explicitFileType = wrapper.cfbundle; includeInIndex = 0; path = "App Partner iOS Development TestTests.xctest"; sourceTree = BUILT_PRODUCTS_DIR; };
		8B09B20F18BBC23900E25AE0 /* XCTest.framework */ = {isa = PBXFileReference; lastKnownFileType = wrapper.framework; name = XCTest.framework; path = Library/Frameworks/XCTest.framework; sourceTree = DEVELOPER_DIR; };
		8B09B21718BBC23900E25AE0 /* App Partner iOS Development TestTests-Info.plist */ = {isa = PBXFileReference; lastKnownFileType = text.plist.xml; path = "App Partner iOS Development TestTests-Info.plist"; sourceTree = "<group>"; };
		8B09B21918BBC23900E25AE0 /* en */ = {isa = PBXFileReference; lastKnownFileType = text.plist.strings; name = en; path = en.lproj/InfoPlist.strings; sourceTree = "<group>"; };
		8B09B21B18BBC23900E25AE0 /* App_Partner_iOS_Development_TestTests.m */ = {isa = PBXFileReference; lastKnownFileType = sourcecode.c.objc; path = App_Partner_iOS_Development_TestTests.m; sourceTree = "<group>"; };
		8B14807218BEAD1B00425C8E /* FacebookCell.h */ = {isa = PBXFileReference; fileEncoding = 4; lastKnownFileType = sourcecode.c.h; path = FacebookCell.h; sourceTree = "<group>"; };
		8B14807318BEAD1B00425C8E /* FacebookCell.m */ = {isa = PBXFileReference; fileEncoding = 4; lastKnownFileType = sourcecode.c.objc; path = FacebookCell.m; sourceTree = "<group>"; };
		8B14807518BEB45900425C8E /* AVFoundation.framework */ = {isa = PBXFileReference; lastKnownFileType = wrapper.framework; name = AVFoundation.framework; path = System/Library/Frameworks/AVFoundation.framework; sourceTree = SDKROOT; };
		8B14807718BEB5FA00425C8E /* Linus and Lucy.mp3 */ = {isa = PBXFileReference; lastKnownFileType = audio.mp3; path = "Linus and Lucy.mp3"; sourceTree = "<group>"; };
		8B6C1F7818BE67CC0036BB79 /* AnimationViewController.h */ = {isa = PBXFileReference; fileEncoding = 4; lastKnownFileType = sourcecode.c.h; path = AnimationViewController.h; sourceTree = "<group>"; };
		8B6C1F7918BE67CC0036BB79 /* AnimationViewController.m */ = {isa = PBXFileReference; fileEncoding = 4; lastKnownFileType = sourcecode.c.objc; path = AnimationViewController.m; sourceTree = "<group>"; };
		8B6C1F7B18BE68190036BB79 /* ServerPingViewController.h */ = {isa = PBXFileReference; fileEncoding = 4; lastKnownFileType = sourcecode.c.h; path = ServerPingViewController.h; sourceTree = "<group>"; };
		8B6C1F7C18BE68190036BB79 /* ServerPingViewController.m */ = {isa = PBXFileReference; fileEncoding = 4; lastKnownFileType = sourcecode.c.objc; path = ServerPingViewController.m; sourceTree = "<group>"; };
		8B6C1F7E18BE68640036BB79 /* FacebookViewController.h */ = {isa = PBXFileReference; fileEncoding = 4; lastKnownFileType = sourcecode.c.h; path = FacebookViewController.h; sourceTree = "<group>"; };
		8B6C1F7F18BE68640036BB79 /* FacebookViewController.m */ = {isa = PBXFileReference; fileEncoding = 4; lastKnownFileType = sourcecode.c.objc; path = FacebookViewController.m; sourceTree = "<group>"; };
		8B8D5AF418BFC48C00AF5FEA /* QuartzCore.framework */ = {isa = PBXFileReference; lastKnownFileType = wrapper.framework; name = QuartzCore.framework; path = System/Library/Frameworks/QuartzCore.framework; sourceTree = SDKROOT; };
		8BC1618B18BBE35500746859 /* MainMenuViewController.h */ = {isa = PBXFileReference; fileEncoding = 4; lastKnownFileType = sourcecode.c.h; path = MainMenuViewController.h; sourceTree = "<group>"; };
		8BC1618C18BBE35500746859 /* MainMenuViewController.m */ = {isa = PBXFileReference; fileEncoding = 4; lastKnownFileType = sourcecode.c.objc; path = MainMenuViewController.m; sourceTree = "<group>"; };
		8BF7D41B18C126EB00EE5C45 /* CoreMotion.framework */ = {isa = PBXFileReference; lastKnownFileType = wrapper.framework; name = CoreMotion.framework; path = System/Library/Frameworks/CoreMotion.framework; sourceTree = SDKROOT; };
/* End PBXFileReference section */

/* Begin PBXFrameworksBuildPhase section */
		8B09B1EA18BBC23900E25AE0 /* Frameworks */ = {
			isa = PBXFrameworksBuildPhase;
			buildActionMask = 2147483647;
			files = (
				8BF7D41C18C126EB00EE5C45 /* CoreMotion.framework in Frameworks */,
				8B8D5AF518BFC48C00AF5FEA /* QuartzCore.framework in Frameworks */,
				8B14807618BEB45900425C8E /* AVFoundation.framework in Frameworks */,
				8B09B1F318BBC23900E25AE0 /* CoreGraphics.framework in Frameworks */,
				8B09B1F518BBC23900E25AE0 /* UIKit.framework in Frameworks */,
				8B09B1F118BBC23900E25AE0 /* Foundation.framework in Frameworks */,
			);
			runOnlyForDeploymentPostprocessing = 0;
		};
		8B09B20B18BBC23900E25AE0 /* Frameworks */ = {
			isa = PBXFrameworksBuildPhase;
			buildActionMask = 2147483647;
			files = (
				8B09B21018BBC23900E25AE0 /* XCTest.framework in Frameworks */,
				8B09B21218BBC23900E25AE0 /* UIKit.framework in Frameworks */,
				8B09B21118BBC23900E25AE0 /* Foundation.framework in Frameworks */,
			);
			runOnlyForDeploymentPostprocessing = 0;
		};
/* End PBXFrameworksBuildPhase section */

/* Begin PBXGroup section */
		8B09B1E418BBC23900E25AE0 = {
			isa = PBXGroup;
			children = (
				8B09B1F618BBC23900E25AE0 /* App Partner iOS Development Test */,
				8B09B21518BBC23900E25AE0 /* App Partner iOS Development TestTests */,
				8B09B1EF18BBC23900E25AE0 /* Frameworks */,
				8B09B1EE18BBC23900E25AE0 /* Products */,
			);
			sourceTree = "<group>";
		};
		8B09B1EE18BBC23900E25AE0 /* Products */ = {
			isa = PBXGroup;
			children = (
				8B09B1ED18BBC23900E25AE0 /* App Partner iOS Development Test.app */,
				8B09B20E18BBC23900E25AE0 /* App Partner iOS Development TestTests.xctest */,
			);
			name = Products;
			sourceTree = "<group>";
		};
		8B09B1EF18BBC23900E25AE0 /* Frameworks */ = {
			isa = PBXGroup;
			children = (
				8BF7D41B18C126EB00EE5C45 /* CoreMotion.framework */,
				8B8D5AF418BFC48C00AF5FEA /* QuartzCore.framework */,
				8B14807518BEB45900425C8E /* AVFoundation.framework */,
				8B09B1F018BBC23900E25AE0 /* Foundation.framework */,
				8B09B1F218BBC23900E25AE0 /* CoreGraphics.framework */,
				8B09B1F418BBC23900E25AE0 /* UIKit.framework */,
				8B09B20F18BBC23900E25AE0 /* XCTest.framework */,
			);
			name = Frameworks;
			sourceTree = "<group>";
		};
		8B09B1F618BBC23900E25AE0 /* App Partner iOS Development Test */ = {
			isa = PBXGroup;
			children = (
				8B09B20218BBC23900E25AE0 /* Main.storyboard */,
				8B6C1F7818BE67CC0036BB79 /* AnimationViewController.h */,
				8B6C1F7918BE67CC0036BB79 /* AnimationViewController.m */,
				8B14807218BEAD1B00425C8E /* FacebookCell.h */,
				8B14807318BEAD1B00425C8E /* FacebookCell.m */,
				8B6C1F7E18BE68640036BB79 /* FacebookViewController.h */,
				8B6C1F7F18BE68640036BB79 /* FacebookViewController.m */,
				8BC1618B18BBE35500746859 /* MainMenuViewController.h */,
				8BC1618C18BBE35500746859 /* MainMenuViewController.m */,
				8B6C1F7B18BE68190036BB79 /* ServerPingViewController.h */,
				8B6C1F7C18BE68190036BB79 /* ServerPingViewController.m */,
				8B09B20818BBC23900E25AE0 /* Images.xcassets */,
				8B09B1F718BBC23900E25AE0 /* Supporting Files */,
			);
			path = "App Partner iOS Development Test";
			sourceTree = "<group>";
		};
		8B09B1F718BBC23900E25AE0 /* Supporting Files */ = {
			isa = PBXGroup;
			children = (
				8B14807718BEB5FA00425C8E /* Linus and Lucy.mp3 */,
				8B09B1FF18BBC23900E25AE0 /* AppDelegate.h */,
				8B09B20018BBC23900E25AE0 /* AppDelegate.m */,
				8B09B1F818BBC23900E25AE0 /* App Partner iOS Development Test-Info.plist */,
				8B09B1F918BBC23900E25AE0 /* InfoPlist.strings */,
				8B09B1FC18BBC23900E25AE0 /* main.m */,
				8B09B1FE18BBC23900E25AE0 /* App Partner iOS Development Test-Prefix.pch */,
			);
			name = "Supporting Files";
			sourceTree = "<group>";
		};
		8B09B21518BBC23900E25AE0 /* App Partner iOS Development TestTests */ = {
			isa = PBXGroup;
			children = (
				8B09B21B18BBC23900E25AE0 /* App_Partner_iOS_Development_TestTests.m */,
				8B09B21618BBC23900E25AE0 /* Supporting Files */,
			);
			path = "App Partner iOS Development TestTests";
			sourceTree = "<group>";
		};
		8B09B21618BBC23900E25AE0 /* Supporting Files */ = {
			isa = PBXGroup;
			children = (
				8B09B21718BBC23900E25AE0 /* App Partner iOS Development TestTests-Info.plist */,
				8B09B21818BBC23900E25AE0 /* InfoPlist.strings */,
			);
			name = "Supporting Files";
			sourceTree = "<group>";
		};
/* End PBXGroup section */

/* Begin PBXNativeTarget section */
		8B09B1EC18BBC23900E25AE0 /* App Partner iOS Development Test */ = {
			isa = PBXNativeTarget;
			buildConfigurationList = 8B09B21F18BBC23900E25AE0 /* Build configuration list for PBXNativeTarget "App Partner iOS Development Test" */;
			buildPhases = (
				8B09B1E918BBC23900E25AE0 /* Sources */,
				8B09B1EA18BBC23900E25AE0 /* Frameworks */,
				8B09B1EB18BBC23900E25AE0 /* Resources */,
			);
			buildRules = (
			);
			dependencies = (
			);
			name = "App Partner iOS Development Test";
			productName = "App Partner iOS Development Test";
			productReference = 8B09B1ED18BBC23900E25AE0 /* App Partner iOS Development Test.app */;
			productType = "com.apple.product-type.application";
		};
		8B09B20D18BBC23900E25AE0 /* App Partner iOS Development TestTests */ = {
			isa = PBXNativeTarget;
			buildConfigurationList = 8B09B22218BBC23900E25AE0 /* Build configuration list for PBXNativeTarget "App Partner iOS Development TestTests" */;
			buildPhases = (
				8B09B20A18BBC23900E25AE0 /* Sources */,
				8B09B20B18BBC23900E25AE0 /* Frameworks */,
				8B09B20C18BBC23900E25AE0 /* Resources */,
			);
			buildRules = (
			);
			dependencies = (
				8B09B21418BBC23900E25AE0 /* PBXTargetDependency */,
			);
			name = "App Partner iOS Development TestTests";
			productName = "App Partner iOS Development TestTests";
			productReference = 8B09B20E18BBC23900E25AE0 /* App Partner iOS Development TestTests.xctest */;
			productType = "com.apple.product-type.bundle.unit-test";
		};
/* End PBXNativeTarget section */

/* Begin PBXProject section */
		8B09B1E518BBC23900E25AE0 /* Project object */ = {
			isa = PBXProject;
			attributes = {
				LastUpgradeCheck = 0500;
				ORGANIZATIONNAME = "Philip J Browning II";
				TargetAttributes = {
					8B09B1EC18BBC23900E25AE0 = {
						DevelopmentTeam = BT46YR3XZ3;
					};
					8B09B20D18BBC23900E25AE0 = {
						TestTargetID = 8B09B1EC18BBC23900E25AE0;
					};
				};
			};
			buildConfigurationList = 8B09B1E818BBC23900E25AE0 /* Build configuration list for PBXProject "App Partner iOS Development Test" */;
			compatibilityVersion = "Xcode 3.2";
			developmentRegion = English;
			hasScannedForEncodings = 0;
			knownRegions = (
				en,
				Base,
			);
			mainGroup = 8B09B1E418BBC23900E25AE0;
			productRefGroup = 8B09B1EE18BBC23900E25AE0 /* Products */;
			projectDirPath = "";
			projectRoot = "";
			targets = (
				8B09B1EC18BBC23900E25AE0 /* App Partner iOS Development Test */,
				8B09B20D18BBC23900E25AE0 /* App Partner iOS Development TestTests */,
			);
		};
/* End PBXProject section */

/* Begin PBXResourcesBuildPhase section */
		8B09B1EB18BBC23900E25AE0 /* Resources */ = {
			isa = PBXResourcesBuildPhase;
			buildActionMask = 2147483647;
			files = (
				8B09B20918BBC23900E25AE0 /* Images.xcassets in Resources */,
				8B09B1FB18BBC23900E25AE0 /* InfoPlist.strings in Resources */,
				8B09B20418BBC23900E25AE0 /* Main.storyboard in Resources */,
				8B14807818BEB5FA00425C8E /* Linus and Lucy.mp3 in Resources */,
			);
			runOnlyForDeploymentPostprocessing = 0;
		};
		8B09B20C18BBC23900E25AE0 /* Resources */ = {
			isa = PBXResourcesBuildPhase;
			buildActionMask = 2147483647;
			files = (
				8B09B21A18BBC23900E25AE0 /* InfoPlist.strings in Resources */,
			);
			runOnlyForDeploymentPostprocessing = 0;
		};
/* End PBXResourcesBuildPhase section */

/* Begin PBXSourcesBuildPhase section */
		8B09B1E918BBC23900E25AE0 /* Sources */ = {
			isa = PBXSourcesBuildPhase;
			buildActionMask = 2147483647;
			files = (
				8B6C1F8018BE68640036BB79 /* FacebookViewController.m in Sources */,
				8BC1618D18BBE35500746859 /* MainMenuViewController.m in Sources */,
				8B09B20118BBC23900E25AE0 /* AppDelegate.m in Sources */,
				8B6C1F7D18BE68190036BB79 /* ServerPingViewController.m in Sources */,
				8B09B1FD18BBC23900E25AE0 /* main.m in Sources */,
				8B6C1F7A18BE67CC0036BB79 /* AnimationViewController.m in Sources */,
				8B14807418BEAD1B00425C8E /* FacebookCell.m in Sources */,
			);
			runOnlyForDeploymentPostprocessing = 0;
		};
		8B09B20A18BBC23900E25AE0 /* Sources */ = {
			isa = PBXSourcesBuildPhase;
			buildActionMask = 2147483647;
			files = (
				8B09B21C18BBC23900E25AE0 /* App_Partner_iOS_Development_TestTests.m in Sources */,
			);
			runOnlyForDeploymentPostprocessing = 0;
		};
/* End PBXSourcesBuildPhase section */

/* Begin PBXTargetDependency section */
		8B09B21418BBC23900E25AE0 /* PBXTargetDependency */ = {
			isa = PBXTargetDependency;
			target = 8B09B1EC18BBC23900E25AE0 /* App Partner iOS Development Test */;
			targetProxy = 8B09B21318BBC23900E25AE0 /* PBXContainerItemProxy */;
		};
/* End PBXTargetDependency section */

/* Begin PBXVariantGroup section */
		8B09B1F918BBC23900E25AE0 /* InfoPlist.strings */ = {
			isa = PBXVariantGroup;
			children = (
				8B09B1FA18BBC23900E25AE0 /* en */,
			);
			name = InfoPlist.strings;
			sourceTree = "<group>";
		};
		8B09B20218BBC23900E25AE0 /* Main.storyboard */ = {
			isa = PBXVariantGroup;
			children = (
				8B09B20318BBC23900E25AE0 /* Base */,
			);
			name = Main.storyboard;
			sourceTree = "<group>";
		};
		8B09B21818BBC23900E25AE0 /* InfoPlist.strings */ = {
			isa = PBXVariantGroup;
			children = (
				8B09B21918BBC23900E25AE0 /* en */,
			);
			name = InfoPlist.strings;
			sourceTree = "<group>";
		};
/* End PBXVariantGroup section */

/* Begin XCBuildConfiguration section */
		8B09B21D18BBC23900E25AE0 /* Debug */ = {
			isa = XCBuildConfiguration;
			buildSettings = {
				ALWAYS_SEARCH_USER_PATHS = NO;
				ARCHS = "$(ARCHS_STANDARD_INCLUDING_64_BIT)";
				CLANG_CXX_LANGUAGE_STANDARD = "gnu++0x";
				CLANG_CXX_LIBRARY = "libc++";
				CLANG_ENABLE_MODULES = YES;
				CLANG_ENABLE_OBJC_ARC = YES;
				CLANG_WARN_BOOL_CONVERSION = YES;
				CLANG_WARN_CONSTANT_CONVERSION = YES;
				CLANG_WARN_DIRECT_OBJC_ISA_USAGE = YES_ERROR;
				CLANG_WARN_EMPTY_BODY = YES;
				CLANG_WARN_ENUM_CONVERSION = YES;
				CLANG_WARN_INT_CONVERSION = YES;
				CLANG_WARN_OBJC_ROOT_CLASS = YES_ERROR;
				CLANG_WARN__DUPLICATE_METHOD_MATCH = YES;
				"CODE_SIGN_IDENTITY[sdk=iphoneos*]" = "iPhone Developer";
				COPY_PHASE_STRIP = NO;
				GCC_C_LANGUAGE_STANDARD = gnu99;
				GCC_DYNAMIC_NO_PIC = NO;
				GCC_OPTIMIZATION_LEVEL = 0;
				GCC_PREPROCESSOR_DEFINITIONS = (
					"DEBUG=1",
					"$(inherited)",
				);
				GCC_SYMBOLS_PRIVATE_EXTERN = NO;
				GCC_WARN_64_TO_32_BIT_CONVERSION = YES;
				GCC_WARN_ABOUT_RETURN_TYPE = YES_ERROR;
				GCC_WARN_UNDECLARED_SELECTOR = YES;
				GCC_WARN_UNINITIALIZED_AUTOS = YES;
				GCC_WARN_UNUSED_FUNCTION = YES;
				GCC_WARN_UNUSED_VARIABLE = YES;
				IPHONEOS_DEPLOYMENT_TARGET = 7.0;
				ONLY_ACTIVE_ARCH = YES;
				SDKROOT = iphoneos;
			};
			name = Debug;
		};
		8B09B21E18BBC23900E25AE0 /* Release */ = {
			isa = XCBuildConfiguration;
			buildSettings = {
				ALWAYS_SEARCH_USER_PATHS = NO;
				ARCHS = "$(ARCHS_STANDARD_INCLUDING_64_BIT)";
				CLANG_CXX_LANGUAGE_STANDARD = "gnu++0x";
				CLANG_CXX_LIBRARY = "libc++";
				CLANG_ENABLE_MODULES = YES;
				CLANG_ENABLE_OBJC_ARC = YES;
				CLANG_WARN_BOOL_CONVERSION = YES;
				CLANG_WARN_CONSTANT_CONVERSION = YES;
				CLANG_WARN_DIRECT_OBJC_ISA_USAGE = YES_ERROR;
				CLANG_WARN_EMPTY_BODY = YES;
				CLANG_WARN_ENUM_CONVERSION = YES;
				CLANG_WARN_INT_CONVERSION = YES;
				CLANG_WARN_OBJC_ROOT_CLASS = YES_ERROR;
				CLANG_WARN__DUPLICATE_METHOD_MATCH = YES;
				"CODE_SIGN_IDENTITY[sdk=iphoneos*]" = "iPhone Developer";
				COPY_PHASE_STRIP = YES;
				ENABLE_NS_ASSERTIONS = NO;
				GCC_C_LANGUAGE_STANDARD = gnu99;
				GCC_WARN_64_TO_32_BIT_CONVERSION = YES;
				GCC_WARN_ABOUT_RETURN_TYPE = YES_ERROR;
				GCC_WARN_UNDECLARED_SELECTOR = YES;
				GCC_WARN_UNINITIALIZED_AUTOS = YES;
				GCC_WARN_UNUSED_FUNCTION = YES;
				GCC_WARN_UNUSED_VARIABLE = YES;
				IPHONEOS_DEPLOYMENT_TARGET = 7.0;
				SDKROOT = iphoneos;
				VALIDATE_PRODUCT = YES;
			};
			name = Release;
		};
		8B09B22018BBC23900E25AE0 /* Debug */ = {
			isa = XCBuildConfiguration;
			buildSettings = {
				ASSETCATALOG_COMPILER_APPICON_NAME = AppIcon;
				ASSETCATALOG_COMPILER_LAUNCHIMAGE_NAME = LaunchImage;
				CODE_SIGN_IDENTITY = "iPhone Developer";
				GCC_PRECOMPILE_PREFIX_HEADER = YES;
				GCC_PREFIX_HEADER = "App Partner iOS Development Test/App Partner iOS Development Test-Prefix.pch";
				INFOPLIST_FILE = "App Partner iOS Development Test/App Partner iOS Development Test-Info.plist";
				PRODUCT_NAME = "$(TARGET_NAME)";
				WRAPPER_EXTENSION = app;
			};
			name = Debug;
		};
		8B09B22118BBC23900E25AE0 /* Release */ = {
			isa = XCBuildConfiguration;
			buildSettings = {
				ASSETCATALOG_COMPILER_APPICON_NAME = AppIcon;
				ASSETCATALOG_COMPILER_LAUNCHIMAGE_NAME = LaunchImage;
				CODE_SIGN_IDENTITY = "iPhone Developer";
				GCC_PRECOMPILE_PREFIX_HEADER = YES;
				GCC_PREFIX_HEADER = "App Partner iOS Development Test/App Partner iOS Development Test-Prefix.pch";
				INFOPLIST_FILE = "App Partner iOS Development Test/App Partner iOS Development Test-Info.plist";
				PRODUCT_NAME = "$(TARGET_NAME)";
				WRAPPER_EXTENSION = app;
			};
			name = Release;
		};
		8B09B22318BBC23900E25AE0 /* Debug */ = {
			isa = XCBuildConfiguration;
			buildSettings = {
				ARCHS = "$(ARCHS_STANDARD_INCLUDING_64_BIT)";
				BUNDLE_LOADER = "$(BUILT_PRODUCTS_DIR)/App Partner iOS Development Test.app/App Partner iOS Development Test";
				FRAMEWORK_SEARCH_PATHS = (
					"$(SDKROOT)/Developer/Library/Frameworks",
					"$(inherited)",
					"$(DEVELOPER_FRAMEWORKS_DIR)",
				);
				GCC_PRECOMPILE_PREFIX_HEADER = YES;
				GCC_PREFIX_HEADER = "App Partner iOS Development Test/App Partner iOS Development Test-Prefix.pch";
				GCC_PREPROCESSOR_DEFINITIONS = (
					"DEBUG=1",
					"$(inherited)",
				);
				INFOPLIST_FILE = "App Partner iOS Development TestTests/App Partner iOS Development TestTests-Info.plist";
				PRODUCT_NAME = "$(TARGET_NAME)";
				TEST_HOST = "$(BUNDLE_LOADER)";
				WRAPPER_EXTENSION = xctest;
			};
			name = Debug;
		};
		8B09B22418BBC23900E25AE0 /* Release */ = {
			isa = XCBuildConfiguration;
			buildSettings = {
				ARCHS = "$(ARCHS_STANDARD_INCLUDING_64_BIT)";
				BUNDLE_LOADER = "$(BUILT_PRODUCTS_DIR)/App Partner iOS Development Test.app/App Partner iOS Development Test";
				FRAMEWORK_SEARCH_PATHS = (
					"$(SDKROOT)/Developer/Library/Frameworks",
					"$(inherited)",
					"$(DEVELOPER_FRAMEWORKS_DIR)",
				);
				GCC_PRECOMPILE_PREFIX_HEADER = YES;
				GCC_PREFIX_HEADER = "App Partner iOS Development Test/App Partner iOS Development Test-Prefix.pch";
				INFOPLIST_FILE = "App Partner iOS Development TestTests/App Partner iOS Development TestTests-Info.plist";
				PRODUCT_NAME = "$(TARGET_NAME)";
				TEST_HOST = "$(BUNDLE_LOADER)";
				WRAPPER_EXTENSION = xctest;
			};
			name = Release;
		};
/* End XCBuildConfiguration section */

/* Begin XCConfigurationList section */
		8B09B1E818BBC23900E25AE0 /* Build configuration list for PBXProject "App Partner iOS Development Test" */ = {
			isa = XCConfigurationList;
			buildConfigurations = (
				8B09B21D18BBC23900E25AE0 /* Debug */,
				8B09B21E18BBC23900E25AE0 /* Release */,
			);
			defaultConfigurationIsVisible = 0;
			defaultConfigurationName = Release;
		};
		8B09B21F18BBC23900E25AE0 /* Build configuration list for PBXNativeTarget "App Partner iOS Development Test" */ = {
			isa = XCConfigurationList;
			buildConfigurations = (
				8B09B22018BBC23900E25AE0 /* Debug */,
				8B09B22118BBC23900E25AE0 /* Release */,
			);
			defaultConfigurationIsVisible = 0;
			defaultConfigurationName = Release;
		};
		8B09B22218BBC23900E25AE0 /* Build configuration list for PBXNativeTarget "App Partner iOS Development TestTests" */ = {
			isa = XCConfigurationList;
			buildConfigurations = (
				8B09B22318BBC23900E25AE0 /* Debug */,
				8B09B22418BBC23900E25AE0 /* Release */,
			);
			defaultConfigurationIsVisible = 0;
			defaultConfigurationName = Release;
		};
/* End XCConfigurationList section */
	};
	rootObject = 8B09B1E518BBC23900E25AE0 /* Project object */;
}
